github.com/Azure/azure-sdk-for-go/sdk/azcore v1.21.1 h1:jHb/wfvRikGdxMXYV3QG/SzUOPYN9KEUUuC0Yd0/vC0=
github.com/Azure/azure-sdk-for-go/sdk/azcore v1.21.1/go.mod h1:pzBXCYn05zvYIrwLgtK8Ap8QcjRg+0i76tMQdWN6wOk=
github.com/Azure/azure-sdk-for-go/sdk/azidentity v1.13.1 h1:Hk5QBxZQC1jb2Fwj6mpzme37xbCDdNTxU7O9eb5+LB4=
github.com/Azure/azure-sdk-for-go/sdk/azidentity v1.13.1/go.mod h1:IYus9qsFobWIc2YVwe/WPjcnyCkPKtnHAqUYeebc8z0=
github.com/Azure/azure-sdk-for-go/sdk/azidentity/cache v0.3.2 h1:yz1bePFlP5Vws5+8ez6T3HWXPmwOK7Yvq8QxDBD3SKY=
github.com/Azure/azure-sdk-for-go/sdk/azidentity/cache v0.3.2/go.mod h1:Pa9ZNPuoNu/GztvBSKk9J1cDJW6vk/n0zLtV4mgd8N8=
github.com/Azure/azure-sdk-for-go/sdk/internal v1.12.0 h1:fhqpLE3UEXi9lPaBRpQ6XuRW0nU7hgg4zlmZZa+a9q4=
github.com/Azure/azure-sdk-for-go/sdk/internal v1.12.0/go.mod h1:7dCRMLwisfRH3dBupKeNCioWYUZ4SS09Z14H+7i8ZoY=
github.com/Azure/azure-sdk-for-go/sdk/resourcemanager/internal/v3 v3.2.0 h1:+lnLQhKh3cgSOIOVH61UZ3s/l9d+bAZp5d/spt1+7UI=
github.com/Azure/azure-sdk-for-go/sdk/resourcemanager/internal/v3 v3.2.0/go.mod h1:tStOHrivWUrcBolspvKV70Us1ckESYGYSHdG4LX8zyY=
github.com/Azure/azure-sdk-for-go/sdk/resourcemanager/monitor/armmonitor v0.12.0 h1:qmeVFr8V9dDzhLZDDgdqyOEl+XLhhMpm7xrOajxqKuk=
github.com/Azure/azure-sdk-for-go/sdk/resourcemanager/monitor/armmonitor v0.12.0/go.mod h1:x/aYmuTilxu4yQMFj2r3ZE3iiO2wxYFFmh6dRg2IWiQ=
github.com/Azure/azure-sdk-for-go/sdk/resourcemanager/resources/armdeployments v1.0.0 h1:67nFqWXpo0x5Nz0XEb1yI7s8D+EHy8NsTinYw9sZnLk=
github.com/Azure/azure-sdk-for-go/sdk/resourcemanager/resources/armdeployments v1.0.0/go.mod h1:fewgRjNVE84QVVh798sIMFb7gPXPp7NmnekGnboSnXk=
github.com/Azure/azure-sdk-for-go/sdk/resourcemanager/resources/armresources/v3 v3.0.1 h1:guyQA4b8XB2sbJZXzUnOF9mn0WDBv/ZT7me9wTipKtE=
github.com/Azure/azure-sdk-for-go/sdk/resourcemanager/resources/armresources/v3 v3.0.1/go.mod h1:8h8yhzh9o+0HeSIhUxYny+rEQajScrfIpNktvgYG3Q8=
github.com/AzureAD/microsoft-authentication-extensions-for-go/cache v0.1.1 h1:WJTmL004Abzc5wDB5VtZG2PJk5ndYDgVacGqfirKxjM=
github.com/AzureAD/microsoft-authentication-extensions-for-go/cache v0.1.1/go.mod h1:tCcJZ0uHAmvjsVYzEFivsRTN00oz5BEsRgQHu5JZ9WE=
github.com/AzureAD/microsoft-authentication-library-for-go v1.7.0 h1:4iB+IesclUXdP0ICgAabvq2FYLXrJWKx1fJQ+GxSo3Y=
github.com/AzureAD/microsoft-authentication-library-for-go v1.7.0/go.mod h1:HKpQxkWaGLJ+D/5H8QRpyQXA1eKjxkFlOMwck5+33Jk=
github.com/aws/aws-sdk-go-v2 v1.41.8 h1:sRs7nG6/RiEBZ/K5UO2sNw0w40U02Nmz1VtARloTZXk=
github.com/aws/aws-sdk-go-v2 v1.41.8/go.mod h1:4LAfZOPHNVNQEckOACQx60Y8pSRjIkNZQz1w92xpMJc=
github.com/aws/aws-sdk-go-v2/aws/protocol/eventstream v1.7.10 h1:gx1AwW1Iyk9Z9dD9F4akX5gnN3QZwUB20GGKH/I+Rho=
github.com/aws/aws-sdk-go-v2/aws/protocol/eventstream v1.7.10/go.mod h1:qqY157uZoqm5OXq/amuaBJyC9hgBCBQnsaWnPe905GY=
github.com/aws/aws-sdk-go-v2/config v1.32.19 h1:qRhIJMbevHUvIE7X4TK8N8zye5+5AhapcslPrvB+qKE=
github.com/aws/aws-sdk-go-v2/config v1.32.19/go.mod h1:RbJ24nfoya63+Mf5VI+CGCGk9vEdv28xPeii+gojRYs=
github.com/aws/aws-sdk-go-v2/credentials v1.19.18 h1:GcXQz2M/0ZvMo0v5DakUqbDBeBM1ZNaivkolEF4Esgw=
github.com/aws/aws-sdk-go-v2/credentials v1.19.18/go.mod h1:sHJ06tMGcD3ZpmMyJqV+VBsGilhSIZPIN+ZFy5Dg0C4=
github.com/aws/aws-sdk-go-v2/feature/ec2/imds v1.18.24 h1:FQm5ApnyzkuJdXLGskPce83CK1CQKC4RUnIHKVe4BU4=
github.com/aws/aws-sdk-go-v2/feature/ec2/imds v1.18.24/go.mod h1:JsC7dqQc55MlZ5mvNsDMMge71u8pVcSzU3RNz2h/5yQ=
github.com/aws/aws-sdk-go-v2/internal/configsources v1.4.24 h1:u6kJU2i0va1AgtJsH3RdWKWqHULlTh7zHwb35Womf74=
github.com/aws/aws-sdk-go-v2/internal/configsources v1.4.24/go.mod h1:7GY+xLcXOFUpCkNwDReft9qOAVg54A4/AnjHIU7sSAY=
github.com/aws/aws-sdk-go-v2/internal/endpoints/v2 v2.7.24 h1:Xhbcf3KugX6vX7SDyUK205Oicyfg7EGuvoVNyP5L6DM=
github.com/aws/aws-sdk-go-v2/internal/endpoints/v2 v2.7.24/go.mod h1:rwDgb2HNOGZsnTHylOUedM7Vnl+bCfnXDqUNPsFWYfk=
github.com/aws/aws-sdk-go-v2/internal/v4a v1.4.25 h1:54CTMmlJ71Rk2dYvM9qZOob+39wjlVja2zDLxCu69Ew=
github.com/aws/aws-sdk-go-v2/internal/v4a v1.4.25/go.mod h1:BZaHqxsS9vN1fvV5EfEl0OBLOk5+AajWsMu6MjqnZB4=
github.com/aws/aws-sdk-go-v2/service/internal/accept-encoding v1.13.9 h1:FLudkZLt5ci0ozzgkVo8BJGwvqNaZbTWb3UcucAateA=
github.com/aws/aws-sdk-go-v2/service/internal/accept-encoding v1.13.9/go.mod h1:w7wZ/s9qK7c8g4al+UyoF1Sp/Z45UwMGcqIzLWVQHWk=
github.com/aws/aws-sdk-go-v2/service/internal/checksum v1.9.17 h1:Zma31M1f9bbD/bsl6haTxupA0+z72L3l2ujKAH37zuI=
github.com/aws/aws-sdk-go-v2/service/internal/checksum v1.9.17/go.mod h1:ZNHrGwBST3tZxBCTKbindx0BEdPN0Jnh7yJ7EVnktUM=
github.com/aws/aws-sdk-go-v2/service/internal/presigned-url v1.13.24 h1:CQW2FTrflfoslYWLf3fv7vG28Q219+v8YJS5QTQb2+Y=
github.com/aws/aws-sdk-go-v2/service/internal/presigned-url v1.13.24/go.mod h1:Xfx13T+u3nH6EEzgl9fBSO6nDRmze1FvnZNYkctQ2zw=
github.com/aws/aws-sdk-go-v2/service/internal/s3shared v1.19.24 h1:yPLVC8Lbsw92eepgdIZCChHRNQek5eAvAz5wS+UIpJE=
github.com/aws/aws-sdk-go-v2/service/internal/s3shared v1.19.24/go.mod h1:H2h39H1AivHYkozUIUYoVJGMUOvdJ4Lv9DLyUSMAjW8=
github.com/aws/aws-sdk-go-v2/service/s3 v1.102.1 h1:vttIo8BQwfnhimKRBZBBF3Y38SAIxif72B/M91m9hDk=
github.com/aws/aws-sdk-go-v2/service/s3 v1.102.1/go.mod h1:2qjInACJr84m/Tm4XXCcVNpejmbKy9kz7TEa6viQHSk=
github.com/aws/aws-sdk-go-v2/service/signin v1.1.0 h1:yQo3eZ5qFaL1sJWqs1nL6j3yPHA2/R7c6tQ4T+0IO10=
github.com/aws/aws-sdk-go-v2/service/signin v1.1.0/go.mod h1:3Zzou41Qt/ueXfIzHvTEjDNuR5IjCUBVF01SNhrt1e8=
github.com/aws/aws-sdk-go-v2/service/sso v1.30.18 h1:ApLTFdAZfDhZSiY5uskwECKHkSNNF83y2Ru2r7SezWA=
github.com/aws/aws-sdk-go-v2/service/sso v1.30.18/go.mod h1:A9K9qx2l6nK89hp+a350FdGfRkrkH5HdiEjHbiy/Q/c=
github.com/aws/aws-sdk-go-v2/service/ssooidc v1.36.1 h1:4VD7TIZOGzehrgQ8vDE+1c6BQW4ErZPGY8ohZT5LXEE=
github.com/aws/aws-sdk-go-v2/service/ssooidc v1.36.1/go.mod h1:er0SFJfdV89Rit5hIJu/EXtv+qC2XMnxoksLmcUFkqM=
github.com/aws/aws-sdk-go-v2/service/sts v1.42.2 h1:XKnxlM4KZH1gktcsh3zSWc7GW4KivEv/OkifmHOhCUY=
github.com/aws/aws-sdk-go-v2/service/sts v1.42.2/go.mod h1:KJYmkQaFB3SUW2j3aBkPsxNmAb4ZsSOvbvCpuxzHJA0=
github.com/aws/smithy-go v1.25.1 h1:J8ERsGSU7d+aCmdQur5Txg6bVoYelvQJgtZehD12GkI=
github.com/aws/smithy-go v1.25.1/go.mod h1:YE2RhdIuDbA5E5bTdciG9KrW3+TiEONeUWCqxX9i1Fc=
github.com/davecgh/go-spew v1.1.1 h1:vj9j/u1bqnvCEfJOwUhtlOARqs3+rkHYY13jYWTU97c=
github.com/davecgh/go-spew v1.1.1/go.mod h1:J7Y8YcW2NihsgmVo/mv3lAwl/skON4iLHjSsI+c5H38=
github.com/golang-jwt/jwt/v5 v5.3.1 h1:kYf81DTWFe7t+1VvL7eS+jKFVWaUnK9cB1qbwn63YCY=
github.com/golang-jwt/jwt/v5 v5.3.1/go.mod h1:fxCRLWMO43lRc8nhHWY6LGqRcf+1gQWArsqaEUEa5bE=
github.com/google/go-cmp v0.5.2/go.mod h1:v8dTdLbMG2kIc/vJvl+f65V22dbkXbowE6jgT/gNBxE=
github.com/google/go-cmp v0.6.0 h1:ofyhxvXcZhMsU5ulbFiLKl/XBFqE1GSq7atu8tAmTRI=
github.com/google/go-cmp v0.6.0/go.mod h1:17dUlkBOakJ0+DkrSSNjCkIjxS6bF9zb3elmeNGIjoY=
github.com/google/go-github/v63 v63.0.0 h1:13xwK/wk9alSokujB9lJkuzdmQuVn2QCPeck76wR3nE=
github.com/google/go-github/v63 v63.0.0/go.mod h1:IqbcrgUmIcEaioWrGYei/09o+ge5vhffGOcxrO0AfmA=
github.com/google/go-querystring v1.1.0 h1:AnCroh3fv4ZBgVIf1Iwtovgjaw/GiKJo8M8yD/fhyJ8=
github.com/google/go-querystring v1.1.0/go.mod h1:Kcdr2DB4koayq7X8pmAG4sNG59So17icRSOU623lUBU=
github.com/google/uuid v1.6.0 h1:NIvaJDMOsjHA8n1jAhLSgzrAzy1Hgr+hNrb57e+94F0=
github.com/google/uuid v1.6.0/go.mod h1:TIyPZe4MgqvfeYDBFedMoGGpEw/LqOeaOT+nhxU+yHo=
github.com/keybase/go-keychain v0.0.1 h1:way+bWYa6lDppZoZcgMbYsvC7GxljxrskdNInRtuthU=
github.com/keybase/go-keychain v0.0.1/go.mod h1:PdEILRW3i9D8JcdM+FmY6RwkHGnhHxXwkPPMeUgOK1k=
github.com/kr/pretty v0.3.1 h1:flRD4NNwYAUpkphVc1HcthR4KEIFJ65n8Mw5qdRn3LE=
github.com/kr/pretty v0.3.1/go.mod h1:hoEshYVHaxMs3cyo3Yncou5ZscifuDolrwPKZanG3xk=
github.com/kr/text v0.2.0 h1:5Nx0Ya0ZqY2ygV366QzturHI13Jq95ApcVaJBhpS+AY=
github.com/kr/text v0.2.0/go.mod h1:eLer722TekiGuMkidMxC/pM04lWEeraHUUmBw8l2grE=
github.com/kylelemons/godebug v1.1.0 h1:RPNrshWIDI6G2gRW9EHilWtl7Z6Sb1BR0xunSBf0SNc=
github.com/kylelemons/godebug v1.1.0/go.mod h1:9/0rRGxNHcop5bhtWyNeEfOS8JIWk580+fNqagV/RAw=
github.com/pkg/browser v0.0.0-20240102092130-5ac0b6a4141c h1:+mdjkGKdHQG3305AYmdv1U2eRNDiU2ErMBj1gwrq8eQ=
github.com/pkg/browser v0.0.0-20240102092130-5ac0b6a4141c/go.mod h1:7rwL4CYBLnjLxUqIJNnCWiEdr3bn6IUYi15bNlnbCCU=
github.com/pmezard/go-difflib v1.0.0 h1:4DBwDE0NGyQoBHbLQYPwSUPoCMWR5BEzIk/f1lZbAQM=
github.com/pmezard/go-difflib v1.0.0/go.mod h1:iKH77koFhYxTK1pcRnkKkqfTogsbg7gZNVY4sRDYZ/4=
github.com/rogpeppe/go-internal v1.12.0 h1:exVL4IDcn6na9z1rAb56Vxr+CgyK3nn3O+epU5NdKM8=
github.com/rogpeppe/go-internal v1.12.0/go.mod h1:E+RYuTGaKKdloAfM02xzb0FW3Paa99yedzYV+kq4uf4=
github.com/stretchr/testify v1.11.1 h1:7s2iGBzp5EwR7/aIZr8ao5+dra3wiQyKjjFuvgVKu7U=
github.com/stretchr/testify v1.11.1/go.mod h1:wZwfW3scLgRK+23gO65QZefKpKQRnfz6sD981Nm4B6U=
golang.org/x/crypto v0.50.0 h1:zO47/JPrL6vsNkINmLoo/PH1gcxpls50DNogFvB5ZGI=
golang.org/x/crypto v0.50.0/go.mod h1:3muZ7vA7PBCE6xgPX7nkzzjiUq87kRItoJQM1Yo8S+Q=
golang.org/x/net v0.53.0 h1:d+qAbo5L0orcWAr0a9JweQpjXF19LMXJE8Ey7hwOdUA=
golang.org/x/net v0.53.0/go.mod h1:JvMuJH7rrdiCfbeHoo3fCQU24Lf5JJwT9W3sJFulfgs=
golang.org/x/oauth2 v0.36.0 h1:peZ/1z27fi9hUOFCAZaHyrpWG5lwe0RJEEEeH0ThlIs=
golang.org/x/oauth2 v0.36.0/go.mod h1:YDBUJMTkDnJS+A4BP4eZBjCqtokkg1hODuPjwiGPO7Q=
golang.org/x/sys v0.1.0/go.mod h1:oPkhp1MJrh7nUepCBck5+mAzfO9JrbApNNgaTdGDITg=
golang.org/x/sys v0.43.0 h1:Rlag2XtaFTxp19wS8MXlJwTvoh8ArU6ezoyFsMyCTNI=
golang.org/x/sys v0.43.0/go.mod h1:4GL1E5IUh+htKOUEOaiffhrAeqysfVGipDYzABqnCmw=
golang.org/x/text v0.36.0 h1:JfKh3XmcRPqZPKevfXVpI1wXPTqbkE5f7JA92a55Yxg=
golang.org/x/text v0.36.0/go.mod h1:NIdBknypM8iqVmPiuco0Dh6P5Jcdk8lJL0CUebqK164=
golang.org/x/xerrors v0.0.0-20191204190536-9bdfabe68543/go.mod h1:I/5z698sn9Ka8TeJc9MKroUUfqBBauWjQqLJ2OPfmY0=
gopkg.in/check.v1 v0.0.0-20161208181325-20d25e280405/go.mod h1:Co6ibVJAznAaIkqp8huTwlJQCZ016jof/cbN4VW5Yz0=
gopkg.in/check.v1 v1.0.0-20201130134442-10cb98267c6c h1:Hei/4ADfdWqJk1ZMxUNpqntNwaWcugrBjAiHlqqRiVk=
gopkg.in/check.v1 v1.0.0-20201130134442-10cb98267c6c/go.mod h1:JHkPIbrfpd72SG/EVd6muEfDQjcINNoR0C8j2r3qZ4Q=
gopkg.in/yaml.v3 v3.0.1 h1:fxVm/GzAzEWqLHuvctI91KS9hhNmmWOoWu0XTYJS7CA=
gopkg.in/yaml.v3 v3.0.1/go.mod h1:K4uyk7z7BCEPqu6E+C64Yfv1cQ7kz7rIZviUmN+EgEM=
