0493fd95f7128c9a5f1fd3cf93b0bb81e46f72dc5ab776e5ed8aa403894e4444  invalid/wrong_envelope_version.json
06cd7d9db0e014f7e0341c889c40d251f4be3da80170939196eba6dc0129a907  valid/bitbucket.json
11675e021aae4752bbf3c58fa365beb2126fb21ea25746383bac99d9d86b4257  valid/gitlab.json
162bebfc2e51862b83e8c9edf8b1600c02e5a5c721dd68f67e26d0229aa1abc6  valid/flux.json
1d3e022fb03181dff988dcf040bd3476c6c593ca243b9f45497ec90e2698224d  valid/k8s_audit.json
1dd453964fd96a22418a2172d576cdb096c5f1c283376401a37169e84ca046b3  valid/grafana.json
4cbff4d9513021187b1cfde38173768a0a232af11f8a33cd3b0b5423eab624ec  valid/azure_activity.json
4ef2a9b83acafeebec9da4d2d66a5f41d3a3ec9ae176e44ffc8178283898da6d  valid/minimal.json
5e20c13bbe2ea609d98212518cba1cbd73e4ad2caa7a1a642ef53191c971832a  valid/jira.json
721b4b519a6a315ebccbe950389cc33bd2ae649c73221a73a3b810462f276264  valid/datadog.json
786f1c4831a3f1dc70ed9b1e5c1b3802a73c327f85d55b01bc8b58565e4872da  valid/github.json
79137219da064affe7aeaaa98a6b502a52dcd8f3dbc124e4d06a4896e12e8247  valid/servicenow.json
8500413a381a02581ce3de8aa25bfaae06317cb7fe9b40db040cecd638e594b3  valid/near_boundary.json
86db072b794526883618a6fe6f6df29f1ff8957337fd7cec2fa401ed2eccef27  valid/pagerduty.json
90532e3d0fcbe1377c4626a7a1a5fda9dc4a1e99d66ef48ef7efad8ba8c4a29e  valid/opsgenie.json
9e6aca8c677bce2dfa9fac79bff03d787c1097cd1797945066c5431fa93544c0  valid/prometheus.json
a5efbe387431d4434b19b42c87d7b82ea4675c7c1947294e888e1916ae674293  valid/awscloudtrail.json
ae83a407b9d29e7fe3e0ac9cc5b7b70ccc4334ab40749001d5f76c01086052fd  invalid/bad_uuid_tenant.json
b5fdad128df89fbafdc4f7f6d2d8ea4dcc0b25c3e3faa765bbbca567e8020dfd  invalid/additional_property.json
bcd78cb0d0eadc66140851b76ad9737ea2fe7b5e49bf3ec410a4a5fc3093edda  valid/full.json
c72734e9a3fda81020027416a12d575abeec78367d74d9251df6a25ea9eae3f1  valid/incident_io.json
cd01b684ee57063aacbe9ad0aa84b6dfa693469aaa06d8e6734c0ea2bfdf428b  invalid/bad_occurred_at.json
cfd7c32033d49254847b63dddabfa0039eb53ee33e7b67243f0866f73f1b59e5  invalid/empty_events.json
d26fd7ed44f7a5c0c759b07e1554b0b467a1d78afc3c12e9ee094beb81543a76  valid/vendor_statuspage.json
d33ba117ba3ab98d84f5d928bb39a25624c2637878107c6c94f91431211639db  valid/spacelift.json
d3eefb3d8a2f7c0aa2c6ede6a3dafd237405728b9de25673fce0cc587b86bcbf  invalid/bad_event_type_pattern.json
d56ac7d4f8e32ac9586afe487a5d3e920b2be747f523a7c116dc469647f36a31  invalid/missing_payload.json
dd98b6f5c2cf36d06aedf94d2ad6383049232ec6032078f2cc118827f3d380ae  invalid/unknown_event_source.json
de992df315ee96c04bb83b90c688aed2b69efaa8ca4516c31ddaaee922b95ed5  valid/argocd.json
f5b6bb0810b2949fc050d7c56fae8e574870e50a06d9ccc34bdf14f7d41879fb  invalid/bad_uuid_collector.json
