0493fd95f7128c9a5f1fd3cf93b0bb81e46f72dc5ab776e5ed8aa403894e4444  invalid/wrong_envelope_version.json
11675e021aae4752bbf3c58fa365beb2126fb21ea25746383bac99d9d86b4257  valid/gitlab.json
4cbff4d9513021187b1cfde38173768a0a232af11f8a33cd3b0b5423eab624ec  valid/azure_activity.json
4ef2a9b83acafeebec9da4d2d66a5f41d3a3ec9ae176e44ffc8178283898da6d  valid/minimal.json
8500413a381a02581ce3de8aa25bfaae06317cb7fe9b40db040cecd638e594b3  valid/near_boundary.json
ae83a407b9d29e7fe3e0ac9cc5b7b70ccc4334ab40749001d5f76c01086052fd  invalid/bad_uuid_tenant.json
b5fdad128df89fbafdc4f7f6d2d8ea4dcc0b25c3e3faa765bbbca567e8020dfd  invalid/additional_property.json
bcd78cb0d0eadc66140851b76ad9737ea2fe7b5e49bf3ec410a4a5fc3093edda  valid/full.json
cd01b684ee57063aacbe9ad0aa84b6dfa693469aaa06d8e6734c0ea2bfdf428b  invalid/bad_occurred_at.json
cfd7c32033d49254847b63dddabfa0039eb53ee33e7b67243f0866f73f1b59e5  invalid/empty_events.json
d3eefb3d8a2f7c0aa2c6ede6a3dafd237405728b9de25673fce0cc587b86bcbf  invalid/bad_event_type_pattern.json
d56ac7d4f8e32ac9586afe487a5d3e920b2be747f523a7c116dc469647f36a31  invalid/missing_payload.json
dd98b6f5c2cf36d06aedf94d2ad6383049232ec6032078f2cc118827f3d380ae  invalid/unknown_event_source.json
f5b6bb0810b2949fc050d7c56fae8e574870e50a06d9ccc34bdf14f7d41879fb  invalid/bad_uuid_collector.json
